
Microsoft Visual Studio Solution File, Format Version 12.00
# Visual Studio Version 16
VisualStudioVersion = 16.0.29519.87
MinimumVisualStudioVersion = 10.0.40219.1
Project("{FAE04EC0-301F-11D3-BF4B-00C04F79EFBC}") = "DateTime", "DateTime\DateTime.csproj", "{C5F47E2F-4272-4F58-8051-950E0C6091EE}"
EndProject
Global
	GlobalSection(SolutionConfigurationPlatforms) = preSolution
		Debug|Any CPU = Debug|Any CPU
		Release|Any CPU = Release|Any CPU
	EndGlobalSection
	GlobalSection(ProjectConfigurationPlatforms) = postSolution
		{C5F47E2F-4272-4F58-8051-950E0C6091EE}.Debug|Any CPU.ActiveCfg = Debug|Any CPU
		{C5F47E2F-4272-4F58-8051-950E0C6091EE}.Debug|Any CPU.Build.0 = Debug|Any CPU
		{C5F47E2F-4272-4F58-8051-950E0C6091EE}.Release|Any CPU.ActiveCfg = Release|Any CPU
		{C5F47E2F-4272-4F58-8051-950E0C6091EE}.Release|Any CPU.Build.0 = Release|Any CPU
	EndGlobalSection
	GlobalSection(SolutionProperties) = preSolution
		HideSolutionNode = FALSE
	EndGlobalSection
	GlobalSection(ExtensibilityGlobals) = postSolution
		SolutionGuid = {06062946-B68C-4EE9-9209-F417AAD1759D}
	EndGlobalSection
EndGlobal
